Microsoft Visual Studio Solution File, Format Version 12.00
# Visual Studio Version 17
VisualStudioVersion = 17.1.32210.238
MinimumVisualStudioVersion = 10.0.40219.1
Project("{2150E333-8FDC-42A3-9474-1A3956D46DE8}") = "Solution Items", "Solution Items", "{3DC4D88A-769B-4BE7-A8DE-A85B96EE20D2}"
EndProject
Project("{FAE04EC0-301F-11D3-BF4B-00C04F79EFBC}") = "combit.ListLabel.CassandraDataProvider", "combit.ListLabel.CassandraDataProvider.NetFx40\combit.ListLabel.CassandraDataProvider.csproj", "{DE475E35-A3F3-4FAD-B660-AFE2544D6BCD}"
EndProject
Project("{FAE04EC0-301F-11D3-BF4B-00C04F79EFBC}") = "combit.ListLabel.NpgsqlConnectionDataProvider", "combit.ListLabel.NpgsqlConnectionDataProvider.NetFx40\combit.ListLabel.NpgsqlConnectionDataProvider.csproj", "{9F7E22B0-9D9C-4D9B-863A-6C089D4F76AA}"
EndProject
Project("{FAE04EC0-301F-11D3-BF4B-00C04F79EFBC}") = "combit.ListLabel.MongoDBDataProvider", "combit.ListLabel.MongoDBDataProvider.NetFx40\combit.ListLabel.MongoDBDataProvider.csproj", "{D9EEA0DC-E4B9-4F9A-A604-F90B6707CA9D}"
EndProject
Project("{FAE04EC0-301F-11D3-BF4B-00C04F79EFBC}") = "combit.ListLabel.RedisDataProvider", "combit.ListLabel.RedisDataProvider.NetFx40\combit.ListLabel.RedisDataProvider.csproj", "{759718C3-8286-4C9C-A287-FC84FA25290B}"
EndProject
Project("{2150E333-8FDC-42A3-9474-1A3956D46DE8}") = "DataProvider", "DataProvider", "{CCB86FBC-C170-44C5-AE15-02F32805432B}"
EndProject
Project("{FAE04EC0-301F-11D3-BF4B-00C04F79EFBC}") = "combit.ListLabel.FirebirdConnectionDataProvider", "combit.ListLabel.FirebirdConnectionDataProvider\combit.ListLabel.FirebirdConnectionDataProvider.csproj", "{59466827-9BB8-4884-B736-ABC1F0F3DA51}"
EndProject
Project("{FAE04EC0-301F-11D3-BF4B-00C04F79EFBC}") = "combit.ListLabel.NuoDBConnectionDataProvider", "combit.ListLabel.NuoDbConnectionDataProvider\combit.ListLabel.NuoDBConnectionDataProvider.csproj", "{97AEC81C-14FD-41E7-9874-2DF1CFE0DD12}"
EndProject
Project("{2150E333-8FDC-42A3-9474-1A3956D46DE8}") = ".NET Framework 4", ".NET Framework 4", "{4A1C4CDC-9352-4A13-B9AD-68C830A4E977}"
EndProject
Project("{FAE04EC0-301F-11D3-BF4B-00C04F79EFBC}") = "combit.ListLabel.MySqlConnectionDataProvider", "combit.ListLabel.MySqlConnectionDataProvider.NetFx40\combit.ListLabel.MySqlConnectionDataProvider.csproj", "{068DA3DF-C55C-4769-AFF0-E2C8B78B8089}"
EndProject
Project("{2150E333-8FDC-42A3-9474-1A3956D46DE8}") = ".NET 6", ".NET 6", "{4712738D-1370-4F93-97E1-3569FE9A5494}"
EndProject
Project("{2150E333-8FDC-42A3-9474-1A3956D46DE8}") = "DataProvider", "DataProvider", "{465E8E41-4652-4035-A2A0-F8E8488F50D1}"
EndProject
Project("{9A19103F-16F7-4668-BE54-9A1E7A4F7556}") = "combit.ListLabel.CassandraDataProvider.Net", ".NET 6\DataProvider\combit.ListLabel.CassandraDataProvider\combit.ListLabel.CassandraDataProvider.Net.csproj", "{D7F6CE7F-5EE1-4173-9C2E-882A338E9A67}"
EndProject
Project("{9A19103F-16F7-4668-BE54-9A1E7A4F7556}") = "combit.ListLabel.FirebirdConnectionDataProvider.Net", ".NET 6\DataProvider\combit.ListLabel.FirebirdConnectionDataProvider\combit.ListLabel.FirebirdConnectionDataProvider.Net.csproj", "{8C5BE7A6-F4C3-4D6C-BC3C-4E077E12E780}"
EndProject
Project("{9A19103F-16F7-4668-BE54-9A1E7A4F7556}") = "combit.ListLabel.MongoDBDataProvider.Net", ".NET 6\DataProvider\combit.ListLabel.MongoDBDataProvider\combit.ListLabel.MongoDBDataProvider.Net.csproj", "{D0CE2231-2221-4EDC-9252-DEB8338E0ED2}"
EndProject
Project("{9A19103F-16F7-4668-BE54-9A1E7A4F7556}") = "combit.ListLabel.MySqlConnectionDataProvider.Net", ".NET 6\DataProvider\combit.ListLabel.MySqlConnectionDataProvider\combit.ListLabel.MySqlConnectionDataProvider.Net.csproj", "{BA7C7ACA-42B0-4E2A-BCCE-6C26A242C4E3}"
EndProject
Project("{9A19103F-16F7-4668-BE54-9A1E7A4F7556}") = "combit.ListLabel.NpgsqlConnectionDataProvider.Net", ".NET 6\DataProvider\combit.ListLabel.NpgsqlConnectionDataProvider\combit.ListLabel.NpgsqlConnectionDataProvider.Net.csproj", "{D1381ADD-3565-472C-8B91-14BC7E29BE36}"
EndProject
Project("{9A19103F-16F7-4668-BE54-9A1E7A4F7556}") = "combit.ListLabel.NuoDBConnectionDataProvider.Net", ".NET 6\DataProvider\combit.ListLabel.NuoDBConnectionDataProvider\combit.ListLabel.NuoDBConnectionDataProvider.Net.csproj", "{63865B8A-769F-4070-8311-28948A46B1BB}"
EndProject
Project("{9A19103F-16F7-4668-BE54-9A1E7A4F7556}") = "combit.ListLabel.OdbcConnectionDataProvider.Net", ".NET 6\DataProvider\combit.ListLabel.OdbcConnectionDataProvider\combit.ListLabel.OdbcConnectionDataProvider.Net.csproj", "{21D5ADCF-9E22-4C53-822C-EC6B1754864C}"
EndProject
Project("{9A19103F-16F7-4668-BE54-9A1E7A4F7556}") = "combit.ListLabel.OleDbConnectionDataProvider.Net", ".NET 6\DataProvider\combit.ListLabel.OleDbConnectionDataProvider\combit.ListLabel.OleDbConnectionDataProvider.Net.csproj", "{A2D27C97-FCB1-40EE-B8E1-9B9FF9EF4695}"
EndProject
Project("{9A19103F-16F7-4668-BE54-9A1E7A4F7556}") = "combit.ListLabel.RedisDataProvider.Net", ".NET 6\DataProvider\combit.ListLabel.RedisDataProvider\combit.ListLabel.RedisDataProvider.Net.csproj", "{F780FD30-252F-4A29-A471-57CD9A31E3E0}"
EndProject
Project("{9A19103F-16F7-4668-BE54-9A1E7A4F7556}") = "combit.ListLabel.SqlConnectionDataProvider.Net", ".NET 6\DataProvider\combit.ListLabel.SqlConnectionDataProvider\combit.ListLabel.SqlConnectionDataProvider.Net.csproj", "{2920A9DF-68F2-4F08-B0D1-93C65D3C28D0}"
EndProject
Project("{FAE04EC0-301F-11D3-BF4B-00C04F79EFBC}") = "combit.ListLabel.SchemaAwareJsonDataProvider", "combit.ListLabel.SchemaAwareJsonDataProvider\combit.ListLabel.SchemaAwareJsonDataProvider.csproj", "{4FF1BDB4-8CF2-4980-8BE6-A88F264098D8}"
EndProject
Project("{9A19103F-16F7-4668-BE54-9A1E7A4F7556}") = "combit.ListLabel.SchemaAwareJsonDataProvider.Net", ".NET 6\DataProvider\combit.ListLabel.SchemaAwareJsonDataProvider\combit.ListLabel.SchemaAwareJsonDataProvider.Net.csproj", "{08EA68C3-98E0-448E-87DA-A05C69FD1485}"
EndProject
Project("{9A19103F-16F7-4668-BE54-9A1E7A4F7556}") = "combit.ListLabel.CosmosDBDataProvider.Net", ".NET 6\DataProvider\combit.ListLabel.CosmosDBDataProvider\combit.ListLabel.CosmosDBDataProvider.Net.csproj", "{C45F0808-E354-4107-BD77-6A7F375FD322}"
EndProject
Project("{FAE04EC0-301F-11D3-BF4B-00C04F79EFBC}") = "combit.ListLabel.CosmosDBDataProvider", "combit.ListLabel.CosmosDBDataProvider.NetFx40\combit.ListLabel.CosmosDBDataProvider.csproj", "{57C578FA-8BBD-4449-BD9E-BCD6B396697D}"
EndProject
Project("{2150E333-8FDC-42A3-9474-1A3956D46DE8}") = ".NET 8", ".NET 8", "{6E90C1B6-241D-4F08-8CD0-DF4229E8432E}"
EndProject
Project("{2150E333-8FDC-42A3-9474-1A3956D46DE8}") = "DataProvider", "DataProvider", "{AAE96092-7252-433E-B5B7-6D0614725BB6}"
EndProject
Project("{9A19103F-16F7-4668-BE54-9A1E7A4F7556}") = "combit.ListLabel.CassandraDataProvider.Net", ".NET 8\DataProvider\combit.ListLabel.CassandraDataProvider\combit.ListLabel.CassandraDataProvider.Net.csproj", "{999C11D7-3E64-4EFC-9C21-216A73908B8F}"
EndProject
Project("{9A19103F-16F7-4668-BE54-9A1E7A4F7556}") = "combit.ListLabel.CosmosDBDataProvider.Net", ".NET 8\DataProvider\combit.ListLabel.CosmosDBDataProvider\combit.ListLabel.CosmosDBDataProvider.Net.csproj", "{E3FC6DA0-EF6C-4209-AF22-FE15404AD023}"
EndProject
Project("{9A19103F-16F7-4668-BE54-9A1E7A4F7556}") = "combit.ListLabel.FirebirdConnectionDataProvider.Net", ".NET 8\DataProvider\combit.ListLabel.FirebirdConnectionDataProvider\combit.ListLabel.FirebirdConnectionDataProvider.Net.csproj", "{64569EA1-E073-41EA-894C-839D46FE294D}"
EndProject
Project("{9A19103F-16F7-4668-BE54-9A1E7A4F7556}") = "combit.ListLabel.MongoDBDataProvider.Net", ".NET 8\DataProvider\combit.ListLabel.MongoDBDataProvider\combit.ListLabel.MongoDBDataProvider.Net.csproj", "{CE1AE7FA-AAFD-4B4F-A481-6D6E7433E2E3}"
EndProject
Project("{9A19103F-16F7-4668-BE54-9A1E7A4F7556}") = "combit.ListLabel.MySqlConnectionDataProvider.Net", ".NET 8\DataProvider\combit.ListLabel.MySqlConnectionDataProvider\combit.ListLabel.MySqlConnectionDataProvider.Net.csproj", "{B7DAB0D2-2D26-4C04-9F5C-739B82A90EA0}"
EndProject
Project("{9A19103F-16F7-4668-BE54-9A1E7A4F7556}") = "combit.ListLabel.NpgsqlConnectionDataProvider.Net", ".NET 8\DataProvider\combit.ListLabel.NpgsqlConnectionDataProvider\combit.ListLabel.NpgsqlConnectionDataProvider.Net.csproj", "{4922EFF7-3BF4-43C5-8D0D-7A369208DDEC}"
EndProject
Project("{9A19103F-16F7-4668-BE54-9A1E7A4F7556}") = "combit.ListLabel.NuoDBConnectionDataProvider.Net", ".NET 8\DataProvider\combit.ListLabel.NuoDBConnectionDataProvider\combit.ListLabel.NuoDBConnectionDataProvider.Net.csproj", "{3B2F3473-E0DE-44BC-B706-7215FCC2D2D4}"
EndProject
Project("{9A19103F-16F7-4668-BE54-9A1E7A4F7556}") = "combit.ListLabel.OdbcConnectionDataProvider.Net", ".NET 8\DataProvider\combit.ListLabel.OdbcConnectionDataProvider\combit.ListLabel.OdbcConnectionDataProvider.Net.csproj", "{9F5408FB-4943-49D4-942F-50EC70DDBDB1}"
EndProject
Project("{9A19103F-16F7-4668-BE54-9A1E7A4F7556}") = "combit.ListLabel.OleDbConnectionDataProvider.Net", ".NET 8\DataProvider\combit.ListLabel.OleDbConnectionDataProvider\combit.ListLabel.OleDbConnectionDataProvider.Net.csproj", "{76BA2562-5004-43AD-8936-9C516A743CB0}"
EndProject
Project("{9A19103F-16F7-4668-BE54-9A1E7A4F7556}") = "combit.ListLabel.RedisDataProvider.Net", ".NET 8\DataProvider\combit.ListLabel.RedisDataProvider\combit.ListLabel.RedisDataProvider.Net.csproj", "{B5196CA1-1F2A-45C0-8EBB-3DC3E480693F}"
EndProject
Project("{9A19103F-16F7-4668-BE54-9A1E7A4F7556}") = "combit.ListLabel.SchemaAwareJsonDataProvider.Net", ".NET 8\DataProvider\combit.ListLabel.SchemaAwareJsonDataProvider\combit.ListLabel.SchemaAwareJsonDataProvider.Net.csproj", "{87018520-2B72-46B3-AF97-5568AA0EA599}"
EndProject
Project("{9A19103F-16F7-4668-BE54-9A1E7A4F7556}") = "combit.ListLabel.SqlConnectionDataProvider.Net", ".NET 8\DataProvider\combit.ListLabel.SqlConnectionDataProvider\combit.ListLabel.SqlConnectionDataProvider.Net.csproj", "{D75C2098-DEBF-4F53-B7E0-7E4C26AFC081}"
EndProject
Project("{2150E333-8FDC-42A3-9474-1A3956D46DE8}") = "common", "common", "{7F4BBD00-10FC-46A4-986C-01D3BD034B76}"
	ProjectSection(SolutionItems) = preProject
		common\GlobalAssemblyInfo.cs = common\GlobalAssemblyInfo.cs
	EndProjectSection
EndProject
Global
	GlobalSection(SolutionConfigurationPlatforms) = preSolution
		Debug|Any CPU = Debug|Any CPU
		PreviewRelease|Any CPU = PreviewRelease|Any CPU
		Release|Any CPU = Release|Any CPU
	EndGlobalSection
	GlobalSection(ProjectConfigurationPlatforms) = postSolution
		{DE475E35-A3F3-4FAD-B660-AFE2544D6BCD}.Debug|Any CPU.ActiveCfg = Debug|Any CPU
		{DE475E35-A3F3-4FAD-B660-AFE2544D6BCD}.Debug|Any CPU.Build.0 = Debug|Any CPU
		{DE475E35-A3F3-4FAD-B660-AFE2544D6BCD}.PreviewRelease|Any CPU.ActiveCfg = Release|Any CPU
		{DE475E35-A3F3-4FAD-B660-AFE2544D6BCD}.Release|Any CPU.ActiveCfg = Release|Any CPU
		{DE475E35-A3F3-4FAD-B660-AFE2544D6BCD}.Release|Any CPU.Build.0 = Release|Any CPU
		{9F7E22B0-9D9C-4D9B-863A-6C089D4F76AA}.Debug|Any CPU.ActiveCfg = Debug|Any CPU
		{9F7E22B0-9D9C-4D9B-863A-6C089D4F76AA}.Debug|Any CPU.Build.0 = Debug|Any CPU
		{9F7E22B0-9D9C-4D9B-863A-6C089D4F76AA}.PreviewRelease|Any CPU.ActiveCfg = Release|Any CPU
		{9F7E22B0-9D9C-4D9B-863A-6C089D4F76AA}.Release|Any CPU.ActiveCfg = Release|Any CPU
		{9F7E22B0-9D9C-4D9B-863A-6C089D4F76AA}.Release|Any CPU.Build.0 = Release|Any CPU
		{D9EEA0DC-E4B9-4F9A-A604-F90B6707CA9D}.Debug|Any CPU.ActiveCfg = Debug|Any CPU
		{D9EEA0DC-E4B9-4F9A-A604-F90B6707CA9D}.Debug|Any CPU.Build.0 = Debug|Any CPU
		{D9EEA0DC-E4B9-4F9A-A604-F90B6707CA9D}.PreviewRelease|Any CPU.ActiveCfg = Release|Any CPU
		{D9EEA0DC-E4B9-4F9A-A604-F90B6707CA9D}.Release|Any CPU.ActiveCfg = Release|Any CPU
		{D9EEA0DC-E4B9-4F9A-A604-F90B6707CA9D}.Release|Any CPU.Build.0 = Release|Any CPU
		{759718C3-8286-4C9C-A287-FC84FA25290B}.Debug|Any CPU.ActiveCfg = Debug|Any CPU
		{759718C3-8286-4C9C-A287-FC84FA25290B}.Debug|Any CPU.Build.0 = Debug|Any CPU
		{759718C3-8286-4C9C-A287-FC84FA25290B}.PreviewRelease|Any CPU.ActiveCfg = Release|Any CPU
		{759718C3-8286-4C9C-A287-FC84FA25290B}.Release|Any CPU.ActiveCfg = Release|Any CPU
		{759718C3-8286-4C9C-A287-FC84FA25290B}.Release|Any CPU.Build.0 = Release|Any CPU
		{59466827-9BB8-4884-B736-ABC1F0F3DA51}.Debug|Any CPU.ActiveCfg = Debug|Any CPU
		{59466827-9BB8-4884-B736-ABC1F0F3DA51}.Debug|Any CPU.Build.0 = Debug|Any CPU
		{59466827-9BB8-4884-B736-ABC1F0F3DA51}.PreviewRelease|Any CPU.ActiveCfg = Release|Any CPU
		{59466827-9BB8-4884-B736-ABC1F0F3DA51}.Release|Any CPU.ActiveCfg = Release|Any CPU
		{59466827-9BB8-4884-B736-ABC1F0F3DA51}.Release|Any CPU.Build.0 = Release|Any CPU
		{97AEC81C-14FD-41E7-9874-2DF1CFE0DD12}.Debug|Any CPU.ActiveCfg = Debug|Any CPU
		{97AEC81C-14FD-41E7-9874-2DF1CFE0DD12}.Debug|Any CPU.Build.0 = Debug|Any CPU
		{97AEC81C-14FD-41E7-9874-2DF1CFE0DD12}.PreviewRelease|Any CPU.ActiveCfg = Release|Any CPU
		{97AEC81C-14FD-41E7-9874-2DF1CFE0DD12}.Release|Any CPU.ActiveCfg = Release|Any CPU
		{97AEC81C-14FD-41E7-9874-2DF1CFE0DD12}.Release|Any CPU.Build.0 = Release|Any CPU
		{068DA3DF-C55C-4769-AFF0-E2C8B78B8089}.Debug|Any CPU.ActiveCfg = Debug|Any CPU
		{068DA3DF-C55C-4769-AFF0-E2C8B78B8089}.Debug|Any CPU.Build.0 = Debug|Any CPU
		{068DA3DF-C55C-4769-AFF0-E2C8B78B8089}.PreviewRelease|Any CPU.ActiveCfg = Release|Any CPU
		{068DA3DF-C55C-4769-AFF0-E2C8B78B8089}.Release|Any CPU.ActiveCfg = Release|Any CPU
		{068DA3DF-C55C-4769-AFF0-E2C8B78B8089}.Release|Any CPU.Build.0 = Release|Any CPU
		{D7F6CE7F-5EE1-4173-9C2E-882A338E9A67}.Debug|Any CPU.ActiveCfg = Debug|Any CPU
		{D7F6CE7F-5EE1-4173-9C2E-882A338E9A67}.Debug|Any CPU.Build.0 = Debug|Any CPU
		{D7F6CE7F-5EE1-4173-9C2E-882A338E9A67}.PreviewRelease|Any CPU.ActiveCfg = Release|Any CPU
		{D7F6CE7F-5EE1-4173-9C2E-882A338E9A67}.Release|Any CPU.ActiveCfg = Release|Any CPU
		{D7F6CE7F-5EE1-4173-9C2E-882A338E9A67}.Release|Any CPU.Build.0 = Release|Any CPU
		{8C5BE7A6-F4C3-4D6C-BC3C-4E077E12E780}.Debug|Any CPU.ActiveCfg = Debug|Any CPU
		{8C5BE7A6-F4C3-4D6C-BC3C-4E077E12E780}.Debug|Any CPU.Build.0 = Debug|Any CPU
		{8C5BE7A6-F4C3-4D6C-BC3C-4E077E12E780}.PreviewRelease|Any CPU.ActiveCfg = Release|Any CPU
		{8C5BE7A6-F4C3-4D6C-BC3C-4E077E12E780}.Release|Any CPU.ActiveCfg = Release|Any CPU
		{8C5BE7A6-F4C3-4D6C-BC3C-4E077E12E780}.Release|Any CPU.Build.0 = Release|Any CPU
		{D0CE2231-2221-4EDC-9252-DEB8338E0ED2}.Debug|Any CPU.ActiveCfg = Debug|Any CPU
		{D0CE2231-2221-4EDC-9252-DEB8338E0ED2}.Debug|Any CPU.Build.0 = Debug|Any CPU
		{D0CE2231-2221-4EDC-9252-DEB8338E0ED2}.PreviewRelease|Any CPU.ActiveCfg = Release|Any CPU
		{D0CE2231-2221-4EDC-9252-DEB8338E0ED2}.Release|Any CPU.ActiveCfg = Release|Any CPU
		{D0CE2231-2221-4EDC-9252-DEB8338E0ED2}.Release|Any CPU.Build.0 = Release|Any CPU
		{BA7C7ACA-42B0-4E2A-BCCE-6C26A242C4E3}.Debug|Any CPU.ActiveCfg = Debug|Any CPU
		{BA7C7ACA-42B0-4E2A-BCCE-6C26A242C4E3}.Debug|Any CPU.Build.0 = Debug|Any CPU
		{BA7C7ACA-42B0-4E2A-BCCE-6C26A242C4E3}.PreviewRelease|Any CPU.ActiveCfg = Release|Any CPU
		{BA7C7ACA-42B0-4E2A-BCCE-6C26A242C4E3}.Release|Any CPU.ActiveCfg = Release|Any CPU
		{BA7C7ACA-42B0-4E2A-BCCE-6C26A242C4E3}.Release|Any CPU.Build.0 = Release|Any CPU
		{D1381ADD-3565-472C-8B91-14BC7E29BE36}.Debug|Any CPU.ActiveCfg = Debug|Any CPU
		{D1381ADD-3565-472C-8B91-14BC7E29BE36}.Debug|Any CPU.Build.0 = Debug|Any CPU
		{D1381ADD-3565-472C-8B91-14BC7E29BE36}.PreviewRelease|Any CPU.ActiveCfg = Release|Any CPU
		{D1381ADD-3565-472C-8B91-14BC7E29BE36}.Release|Any CPU.ActiveCfg = Release|Any CPU
		{D1381ADD-3565-472C-8B91-14BC7E29BE36}.Release|Any CPU.Build.0 = Release|Any CPU
		{63865B8A-769F-4070-8311-28948A46B1BB}.Debug|Any CPU.ActiveCfg = Debug|Any CPU
		{63865B8A-769F-4070-8311-28948A46B1BB}.Debug|Any CPU.Build.0 = Debug|Any CPU
		{63865B8A-769F-4070-8311-28948A46B1BB}.PreviewRelease|Any CPU.ActiveCfg = Release|Any CPU
		{63865B8A-769F-4070-8311-28948A46B1BB}.Release|Any CPU.ActiveCfg = Release|Any CPU
		{63865B8A-769F-4070-8311-28948A46B1BB}.Release|Any CPU.Build.0 = Release|Any CPU
		{21D5ADCF-9E22-4C53-822C-EC6B1754864C}.Debug|Any CPU.ActiveCfg = Debug|Any CPU
		{21D5ADCF-9E22-4C53-822C-EC6B1754864C}.Debug|Any CPU.Build.0 = Debug|Any CPU
		{21D5ADCF-9E22-4C53-822C-EC6B1754864C}.PreviewRelease|Any CPU.ActiveCfg = Release|Any CPU
		{21D5ADCF-9E22-4C53-822C-EC6B1754864C}.Release|Any CPU.ActiveCfg = Release|Any CPU
		{21D5ADCF-9E22-4C53-822C-EC6B1754864C}.Release|Any CPU.Build.0 = Release|Any CPU
		{A2D27C97-FCB1-40EE-B8E1-9B9FF9EF4695}.Debug|Any CPU.ActiveCfg = Debug|Any CPU
		{A2D27C97-FCB1-40EE-B8E1-9B9FF9EF4695}.Debug|Any CPU.Build.0 = Debug|Any CPU
		{A2D27C97-FCB1-40EE-B8E1-9B9FF9EF4695}.PreviewRelease|Any CPU.ActiveCfg = Release|Any CPU
		{A2D27C97-FCB1-40EE-B8E1-9B9FF9EF4695}.Release|Any CPU.ActiveCfg = Release|Any CPU
		{A2D27C97-FCB1-40EE-B8E1-9B9FF9EF4695}.Release|Any CPU.Build.0 = Release|Any CPU
		{F780FD30-252F-4A29-A471-57CD9A31E3E0}.Debug|Any CPU.ActiveCfg = Debug|Any CPU
		{F780FD30-252F-4A29-A471-57CD9A31E3E0}.Debug|Any CPU.Build.0 = Debug|Any CPU
		{F780FD30-252F-4A29-A471-57CD9A31E3E0}.PreviewRelease|Any CPU.ActiveCfg = Release|Any CPU
		{F780FD30-252F-4A29-A471-57CD9A31E3E0}.Release|Any CPU.ActiveCfg = Release|Any CPU
		{F780FD30-252F-4A29-A471-57CD9A31E3E0}.Release|Any CPU.Build.0 = Release|Any CPU
		{2920A9DF-68F2-4F08-B0D1-93C65D3C28D0}.Debug|Any CPU.ActiveCfg = Debug|Any CPU
		{2920A9DF-68F2-4F08-B0D1-93C65D3C28D0}.Debug|Any CPU.Build.0 = Debug|Any CPU
		{2920A9DF-68F2-4F08-B0D1-93C65D3C28D0}.PreviewRelease|Any CPU.ActiveCfg = Release|Any CPU
		{2920A9DF-68F2-4F08-B0D1-93C65D3C28D0}.Release|Any CPU.ActiveCfg = Release|Any CPU
		{2920A9DF-68F2-4F08-B0D1-93C65D3C28D0}.Release|Any CPU.Build.0 = Release|Any CPU
		{4FF1BDB4-8CF2-4980-8BE6-A88F264098D8}.Debug|Any CPU.ActiveCfg = Debug|Any CPU
		{4FF1BDB4-8CF2-4980-8BE6-A88F264098D8}.Debug|Any CPU.Build.0 = Debug|Any CPU
		{4FF1BDB4-8CF2-4980-8BE6-A88F264098D8}.PreviewRelease|Any CPU.ActiveCfg = Release|Any CPU
		{4FF1BDB4-8CF2-4980-8BE6-A88F264098D8}.Release|Any CPU.ActiveCfg = Release|Any CPU
		{4FF1BDB4-8CF2-4980-8BE6-A88F264098D8}.Release|Any CPU.Build.0 = Release|Any CPU
		{08EA68C3-98E0-448E-87DA-A05C69FD1485}.Debug|Any CPU.ActiveCfg = Debug|Any CPU
		{08EA68C3-98E0-448E-87DA-A05C69FD1485}.Debug|Any CPU.Build.0 = Debug|Any CPU
		{08EA68C3-98E0-448E-87DA-A05C69FD1485}.PreviewRelease|Any CPU.ActiveCfg = Release|Any CPU
		{08EA68C3-98E0-448E-87DA-A05C69FD1485}.Release|Any CPU.ActiveCfg = Release|Any CPU
		{08EA68C3-98E0-448E-87DA-A05C69FD1485}.Release|Any CPU.Build.0 = Release|Any CPU
		{C45F0808-E354-4107-BD77-6A7F375FD322}.Debug|Any CPU.ActiveCfg = Debug|Any CPU
		{C45F0808-E354-4107-BD77-6A7F375FD322}.Debug|Any CPU.Build.0 = Debug|Any CPU
		{C45F0808-E354-4107-BD77-6A7F375FD322}.PreviewRelease|Any CPU.ActiveCfg = Release|Any CPU
		{C45F0808-E354-4107-BD77-6A7F375FD322}.Release|Any CPU.ActiveCfg = Release|Any CPU
		{C45F0808-E354-4107-BD77-6A7F375FD322}.Release|Any CPU.Build.0 = Release|Any CPU
		{57C578FA-8BBD-4449-BD9E-BCD6B396697D}.Debug|Any CPU.ActiveCfg = Debug|Any CPU
		{57C578FA-8BBD-4449-BD9E-BCD6B396697D}.Debug|Any CPU.Build.0 = Debug|Any CPU
		{57C578FA-8BBD-4449-BD9E-BCD6B396697D}.PreviewRelease|Any CPU.ActiveCfg = Release|Any CPU
		{57C578FA-8BBD-4449-BD9E-BCD6B396697D}.Release|Any CPU.ActiveCfg = Release|Any CPU
		{57C578FA-8BBD-4449-BD9E-BCD6B396697D}.Release|Any CPU.Build.0 = Release|Any CPU
		{999C11D7-3E64-4EFC-9C21-216A73908B8F}.Debug|Any CPU.ActiveCfg = Debug|Any CPU
		{999C11D7-3E64-4EFC-9C21-216A73908B8F}.Debug|Any CPU.Build.0 = Debug|Any CPU
		{999C11D7-3E64-4EFC-9C21-216A73908B8F}.PreviewRelease|Any CPU.ActiveCfg = Release|Any CPU
		{999C11D7-3E64-4EFC-9C21-216A73908B8F}.PreviewRelease|Any CPU.Build.0 = Release|Any CPU
		{999C11D7-3E64-4EFC-9C21-216A73908B8F}.Release|Any CPU.ActiveCfg = Release|Any CPU
		{E3FC6DA0-EF6C-4209-AF22-FE15404AD023}.Debug|Any CPU.ActiveCfg = Debug|Any CPU
		{E3FC6DA0-EF6C-4209-AF22-FE15404AD023}.Debug|Any CPU.Build.0 = Debug|Any CPU
		{E3FC6DA0-EF6C-4209-AF22-FE15404AD023}.PreviewRelease|Any CPU.ActiveCfg = Release|Any CPU
		{E3FC6DA0-EF6C-4209-AF22-FE15404AD023}.PreviewRelease|Any CPU.Build.0 = Release|Any CPU
		{E3FC6DA0-EF6C-4209-AF22-FE15404AD023}.Release|Any CPU.ActiveCfg = Release|Any CPU
		{64569EA1-E073-41EA-894C-839D46FE294D}.Debug|Any CPU.ActiveCfg = Debug|Any CPU
		{64569EA1-E073-41EA-894C-839D46FE294D}.Debug|Any CPU.Build.0 = Debug|Any CPU
		{64569EA1-E073-41EA-894C-839D46FE294D}.PreviewRelease|Any CPU.ActiveCfg = Release|Any CPU
		{64569EA1-E073-41EA-894C-839D46FE294D}.PreviewRelease|Any CPU.Build.0 = Release|Any CPU
		{64569EA1-E073-41EA-894C-839D46FE294D}.Release|Any CPU.ActiveCfg = Release|Any CPU
		{CE1AE7FA-AAFD-4B4F-A481-6D6E7433E2E3}.Debug|Any CPU.ActiveCfg = Debug|Any CPU
		{CE1AE7FA-AAFD-4B4F-A481-6D6E7433E2E3}.Debug|Any CPU.Build.0 = Debug|Any CPU
		{CE1AE7FA-AAFD-4B4F-A481-6D6E7433E2E3}.PreviewRelease|Any CPU.ActiveCfg = Release|Any CPU
		{CE1AE7FA-AAFD-4B4F-A481-6D6E7433E2E3}.PreviewRelease|Any CPU.Build.0 = Release|Any CPU
		{CE1AE7FA-AAFD-4B4F-A481-6D6E7433E2E3}.Release|Any CPU.ActiveCfg = Release|Any CPU
		{B7DAB0D2-2D26-4C04-9F5C-739B82A90EA0}.Debug|Any CPU.ActiveCfg = Debug|Any CPU
		{B7DAB0D2-2D26-4C04-9F5C-739B82A90EA0}.Debug|Any CPU.Build.0 = Debug|Any CPU
		{B7DAB0D2-2D26-4C04-9F5C-739B82A90EA0}.PreviewRelease|Any CPU.ActiveCfg = Release|Any CPU
		{B7DAB0D2-2D26-4C04-9F5C-739B82A90EA0}.PreviewRelease|Any CPU.Build.0 = Release|Any CPU
		{B7DAB0D2-2D26-4C04-9F5C-739B82A90EA0}.Release|Any CPU.ActiveCfg = Release|Any CPU
		{4922EFF7-3BF4-43C5-8D0D-7A369208DDEC}.Debug|Any CPU.ActiveCfg = Debug|Any CPU
		{4922EFF7-3BF4-43C5-8D0D-7A369208DDEC}.Debug|Any CPU.Build.0 = Debug|Any CPU
		{4922EFF7-3BF4-43C5-8D0D-7A369208DDEC}.PreviewRelease|Any CPU.ActiveCfg = Release|Any CPU
		{4922EFF7-3BF4-43C5-8D0D-7A369208DDEC}.PreviewRelease|Any CPU.Build.0 = Release|Any CPU
		{4922EFF7-3BF4-43C5-8D0D-7A369208DDEC}.Release|Any CPU.ActiveCfg = Release|Any CPU
		{3B2F3473-E0DE-44BC-B706-7215FCC2D2D4}.Debug|Any CPU.ActiveCfg = Debug|Any CPU
		{3B2F3473-E0DE-44BC-B706-7215FCC2D2D4}.Debug|Any CPU.Build.0 = Debug|Any CPU
		{3B2F3473-E0DE-44BC-B706-7215FCC2D2D4}.PreviewRelease|Any CPU.ActiveCfg = Release|Any CPU
		{3B2F3473-E0DE-44BC-B706-7215FCC2D2D4}.PreviewRelease|Any CPU.Build.0 = Release|Any CPU
		{3B2F3473-E0DE-44BC-B706-7215FCC2D2D4}.Release|Any CPU.ActiveCfg = Release|Any CPU
		{9F5408FB-4943-49D4-942F-50EC70DDBDB1}.Debug|Any CPU.ActiveCfg = Debug|Any CPU
		{9F5408FB-4943-49D4-942F-50EC70DDBDB1}.Debug|Any CPU.Build.0 = Debug|Any CPU
		{9F5408FB-4943-49D4-942F-50EC70DDBDB1}.PreviewRelease|Any CPU.ActiveCfg = Release|Any CPU
		{9F5408FB-4943-49D4-942F-50EC70DDBDB1}.PreviewRelease|Any CPU.Build.0 = Release|Any CPU
		{9F5408FB-4943-49D4-942F-50EC70DDBDB1}.Release|Any CPU.ActiveCfg = Release|Any CPU
		{76BA2562-5004-43AD-8936-9C516A743CB0}.Debug|Any CPU.ActiveCfg = Debug|Any CPU
		{76BA2562-5004-43AD-8936-9C516A743CB0}.Debug|Any CPU.Build.0 = Debug|Any CPU
		{76BA2562-5004-43AD-8936-9C516A743CB0}.PreviewRelease|Any CPU.ActiveCfg = Release|Any CPU
		{76BA2562-5004-43AD-8936-9C516A743CB0}.PreviewRelease|Any CPU.Build.0 = Release|Any CPU
		{76BA2562-5004-43AD-8936-9C516A743CB0}.Release|Any CPU.ActiveCfg = Release|Any CPU
		{B5196CA1-1F2A-45C0-8EBB-3DC3E480693F}.Debug|Any CPU.ActiveCfg = Debug|Any CPU
		{B5196CA1-1F2A-45C0-8EBB-3DC3E480693F}.Debug|Any CPU.Build.0 = Debug|Any CPU
		{B5196CA1-1F2A-45C0-8EBB-3DC3E480693F}.PreviewRelease|Any CPU.ActiveCfg = Release|Any CPU
		{B5196CA1-1F2A-45C0-8EBB-3DC3E480693F}.PreviewRelease|Any CPU.Build.0 = Release|Any CPU
		{B5196CA1-1F2A-45C0-8EBB-3DC3E480693F}.Release|Any CPU.ActiveCfg = Release|Any CPU
		{87018520-2B72-46B3-AF97-5568AA0EA599}.Debug|Any CPU.ActiveCfg = Debug|Any CPU
		{87018520-2B72-46B3-AF97-5568AA0EA599}.Debug|Any CPU.Build.0 = Debug|Any CPU
		{87018520-2B72-46B3-AF97-5568AA0EA599}.PreviewRelease|Any CPU.ActiveCfg = Release|Any CPU
		{87018520-2B72-46B3-AF97-5568AA0EA599}.PreviewRelease|Any CPU.Build.0 = Release|Any CPU
		{87018520-2B72-46B3-AF97-5568AA0EA599}.Release|Any CPU.ActiveCfg = Release|Any CPU
		{D75C2098-DEBF-4F53-B7E0-7E4C26AFC081}.Debug|Any CPU.ActiveCfg = Debug|Any CPU
		{D75C2098-DEBF-4F53-B7E0-7E4C26AFC081}.Debug|Any CPU.Build.0 = Debug|Any CPU
		{D75C2098-DEBF-4F53-B7E0-7E4C26AFC081}.PreviewRelease|Any CPU.ActiveCfg = Release|Any CPU
		{D75C2098-DEBF-4F53-B7E0-7E4C26AFC081}.PreviewRelease|Any CPU.Build.0 = Release|Any CPU
		{D75C2098-DEBF-4F53-B7E0-7E4C26AFC081}.Release|Any CPU.ActiveCfg = Release|Any CPU
	EndGlobalSection
	GlobalSection(SolutionProperties) = preSolution
		HideSolutionNode = FALSE
	EndGlobalSection
	GlobalSection(NestedProjects) = preSolution
		{DE475E35-A3F3-4FAD-B660-AFE2544D6BCD} = {CCB86FBC-C170-44C5-AE15-02F32805432B}
		{9F7E22B0-9D9C-4D9B-863A-6C089D4F76AA} = {CCB86FBC-C170-44C5-AE15-02F32805432B}
		{D9EEA0DC-E4B9-4F9A-A604-F90B6707CA9D} = {CCB86FBC-C170-44C5-AE15-02F32805432B}
		{759718C3-8286-4C9C-A287-FC84FA25290B} = {CCB86FBC-C170-44C5-AE15-02F32805432B}
		{CCB86FBC-C170-44C5-AE15-02F32805432B} = {4A1C4CDC-9352-4A13-B9AD-68C830A4E977}
		{59466827-9BB8-4884-B736-ABC1F0F3DA51} = {CCB86FBC-C170-44C5-AE15-02F32805432B}
		{97AEC81C-14FD-41E7-9874-2DF1CFE0DD12} = {CCB86FBC-C170-44C5-AE15-02F32805432B}
		{068DA3DF-C55C-4769-AFF0-E2C8B78B8089} = {CCB86FBC-C170-44C5-AE15-02F32805432B}
		{465E8E41-4652-4035-A2A0-F8E8488F50D1} = {4712738D-1370-4F93-97E1-3569FE9A5494}
		{D7F6CE7F-5EE1-4173-9C2E-882A338E9A67} = {465E8E41-4652-4035-A2A0-F8E8488F50D1}
		{8C5BE7A6-F4C3-4D6C-BC3C-4E077E12E780} = {465E8E41-4652-4035-A2A0-F8E8488F50D1}
		{D0CE2231-2221-4EDC-9252-DEB8338E0ED2} = {465E8E41-4652-4035-A2A0-F8E8488F50D1}
		{BA7C7ACA-42B0-4E2A-BCCE-6C26A242C4E3} = {465E8E41-4652-4035-A2A0-F8E8488F50D1}
		{D1381ADD-3565-472C-8B91-14BC7E29BE36} = {465E8E41-4652-4035-A2A0-F8E8488F50D1}
		{63865B8A-769F-4070-8311-28948A46B1BB} = {465E8E41-4652-4035-A2A0-F8E8488F50D1}
		{21D5ADCF-9E22-4C53-822C-EC6B1754864C} = {465E8E41-4652-4035-A2A0-F8E8488F50D1}
		{A2D27C97-FCB1-40EE-B8E1-9B9FF9EF4695} = {465E8E41-4652-4035-A2A0-F8E8488F50D1}
		{F780FD30-252F-4A29-A471-57CD9A31E3E0} = {465E8E41-4652-4035-A2A0-F8E8488F50D1}
		{2920A9DF-68F2-4F08-B0D1-93C65D3C28D0} = {465E8E41-4652-4035-A2A0-F8E8488F50D1}
		{4FF1BDB4-8CF2-4980-8BE6-A88F264098D8} = {CCB86FBC-C170-44C5-AE15-02F32805432B}
		{08EA68C3-98E0-448E-87DA-A05C69FD1485} = {465E8E41-4652-4035-A2A0-F8E8488F50D1}
		{C45F0808-E354-4107-BD77-6A7F375FD322} = {465E8E41-4652-4035-A2A0-F8E8488F50D1}
		{57C578FA-8BBD-4449-BD9E-BCD6B396697D} = {CCB86FBC-C170-44C5-AE15-02F32805432B}
		{AAE96092-7252-433E-B5B7-6D0614725BB6} = {6E90C1B6-241D-4F08-8CD0-DF4229E8432E}
		{999C11D7-3E64-4EFC-9C21-216A73908B8F} = {AAE96092-7252-433E-B5B7-6D0614725BB6}
		{E3FC6DA0-EF6C-4209-AF22-FE15404AD023} = {AAE96092-7252-433E-B5B7-6D0614725BB6}
		{64569EA1-E073-41EA-894C-839D46FE294D} = {AAE96092-7252-433E-B5B7-6D0614725BB6}
		{CE1AE7FA-AAFD-4B4F-A481-6D6E7433E2E3} = {AAE96092-7252-433E-B5B7-6D0614725BB6}
		{B7DAB0D2-2D26-4C04-9F5C-739B82A90EA0} = {AAE96092-7252-433E-B5B7-6D0614725BB6}
		{4922EFF7-3BF4-43C5-8D0D-7A369208DDEC} = {AAE96092-7252-433E-B5B7-6D0614725BB6}
		{3B2F3473-E0DE-44BC-B706-7215FCC2D2D4} = {AAE96092-7252-433E-B5B7-6D0614725BB6}
		{9F5408FB-4943-49D4-942F-50EC70DDBDB1} = {AAE96092-7252-433E-B5B7-6D0614725BB6}
		{76BA2562-5004-43AD-8936-9C516A743CB0} = {AAE96092-7252-433E-B5B7-6D0614725BB6}
		{B5196CA1-1F2A-45C0-8EBB-3DC3E480693F} = {AAE96092-7252-433E-B5B7-6D0614725BB6}
		{87018520-2B72-46B3-AF97-5568AA0EA599} = {AAE96092-7252-433E-B5B7-6D0614725BB6}
		{D75C2098-DEBF-4F53-B7E0-7E4C26AFC081} = {AAE96092-7252-433E-B5B7-6D0614725BB6}
		{7F4BBD00-10FC-46A4-986C-01D3BD034B76} = {3DC4D88A-769B-4BE7-A8DE-A85B96EE20D2}
	EndGlobalSection
	GlobalSection(ExtensibilityGlobals) = postSolution
		SolutionGuid = {2FBD15F4-66AE-47A6-8EE7-54DF961E7765}
		MicrosoftACECodeAnalysisDebugLevel = Warn
	EndGlobalSection
	GlobalSection(SubversionScc) = preSolution
		Svn-Managed = True
		Manager = AnkhSVN - Subversion Support for Visual Studio
	EndGlobalSection
EndGlobal
